<?xml version="1.0" encoding="utf-8"?>
<Project ToolsVersion="4.0" xmlns="http://schemas.microsoft.com/developer/msbuild/2003">
  <ItemGroup>
    <Filter Include="소스 파일">
      <UniqueIdentifier>{4FC737F1-C7A5-4376-A066-2A32D752A2FF}</UniqueIdentifier>
      <Extensions>cpp;c;cc;cxx;def;odl;idl;hpj;bat;asm;asmx</Extensions>
    </Filter>
    <Filter Include="헤더 파일">
      <UniqueIdentifier>{93995380-89BD-4b04-88EB-625FBE52EBFB}</UniqueIdentifier>
      <Extensions>h;hh;hpp;hxx;hm;inl;inc;xsd</Extensions>
    </Filter>
    <Filter Include="리소스 파일">
      <UniqueIdentifier>{67DA6AB6-F800-4c08-8B7A-83BB121AAD01}</UniqueIdentifier>
      <Extensions>rc;ico;cur;bmp;dlg;rc2;rct;bin;rgs;gif;jpg;jpeg;jpe;resx;tiff;tif;png;wav;mfcribbon-ms</Extensions>
    </Filter>
    <Filter Include="DB">
      <UniqueIdentifier>{2fbed75f-a6cf-4c4c-9fae-ab02c72182c8}</UniqueIdentifier>
    </Filter>
    <Filter Include="PacketType">
      <UniqueIdentifier>{480bf115-e28e-4614-b6c4-3bbe6d7b7492}</UniqueIdentifier>
    </Filter>
    <Filter Include="MainArea">
      <UniqueIdentifier>{90de8246-801c-48ec-94a3-3d2c5427aedb}</UniqueIdentifier>
    </Filter>
    <Filter Include="YaMang">
      <UniqueIdentifier>{816778cb-2cbf-4496-b41c-b67e80e0c8c5}</UniqueIdentifier>
    </Filter>
    <Filter Include="Unit">
      <UniqueIdentifier>{e6960497-b61b-49b7-b1ae-4b6e947bdfda}</UniqueIdentifier>
    </Filter>
    <Filter Include="Event">
      <UniqueIdentifier>{6c02102e-cbb6-4bdf-a200-187a3965d68f}</UniqueIdentifier>
    </Filter>
    <Filter Include="temp">
      <UniqueIdentifier>{04646a2e-5cd4-42a4-8c2a-9c57ea94a1c9}</UniqueIdentifier>
    </Filter>
  </ItemGroup>
  <ItemGroup>
    <Text Include="ReadMe.txt" />
  </ItemGroup>
  <ItemGroup>
    <ClInclude Include="DatabaseJobContext.h">
      <Filter>DB</Filter>
    </ClInclude>
    <ClInclude Include="DatabaseJobManager.h">
      <Filter>DB</Filter>
    </ClInclude>
    <ClInclude Include="DbHelper.h">
      <Filter>DB</Filter>
    </ClInclude>
    <ClInclude Include="sqlite3.h">
      <Filter>DB</Filter>
    </ClInclude>
    <ClInclude Include="sqlite3ext.h">
      <Filter>DB</Filter>
    </ClInclude>
    <ClInclude Include="SQLStatement.h">
      <Filter>DB</Filter>
    </ClInclude>
    <ClInclude Include="CircularBuffer.h">
      <Filter>MainArea</Filter>
    </ClInclude>
    <ClInclude Include="Config.h">
      <Filter>MainArea</Filter>
    </ClInclude>
    <ClInclude Include="Exception.h">
      <Filter>MainArea</Filter>
    </ClInclude>
    <ClInclude Include="ObjectPool.h">
      <Filter>MainArea</Filter>
    </ClInclude>
    <ClInclude Include="ProducerConsumerQueue.h">
      <Filter>MainArea</Filter>
    </ClInclude>
    <ClInclude Include="SPSCQueue.h">
      <Filter>MainArea</Filter>
    </ClInclude>
    <ClInclude Include="targetver.h">
      <Filter>MainArea</Filter>
    </ClInclude>
    <ClInclude Include="stdafx.h">
      <Filter>MainArea</Filter>
    </ClInclude>
    <ClInclude Include="ClientManager.h">
      <Filter>YaMang</Filter>
    </ClInclude>
    <ClInclude Include="ClientSession.h">
      <Filter>YaMang</Filter>
    </ClInclude>
    <ClInclude Include="MacroSet.h">
      <Filter>MainArea</Filter>
    </ClInclude>
    <ClInclude Include="..\..\SharedPreference\PacketType.h">
      <Filter>PacketType</Filter>
    </ClInclude>
    <ClInclude Include="YaMangServer.h">
      <Filter>YaMang</Filter>
    </ClInclude>
    <ClInclude Include="RoomManager.h">
      <Filter>YaMang</Filter>
    </ClInclude>
    <ClInclude Include="Corps.h">
      <Filter>Unit</Filter>
    </ClInclude>
    <ClInclude Include="Guard.h">
      <Filter>Unit</Filter>
    </ClInclude>
    <ClInclude Include="knight.h">
      <Filter>Unit</Filter>
    </ClInclude>
    <ClInclude Include="Pike.h">
      <Filter>Unit</Filter>
    </ClInclude>
    <ClInclude Include="Sword.h">
      <Filter>Unit</Filter>
    </ClInclude>
    <ClInclude Include="Unit.h">
      <Filter>Unit</Filter>
    </ClInclude>
    <ClInclude Include="Arrow.h">
      <Filter>Unit</Filter>
    </ClInclude>
    <ClInclude Include="Action.h">
      <Filter>Event</Filter>
    </ClInclude>
    <ClInclude Include="Attack.h">
      <Filter>Event</Filter>
    </ClInclude>
    <ClInclude Include="CorpsSpawn.h">
      <Filter>Event</Filter>
    </ClInclude>
    <ClInclude Include="DefenseFormation.h">
      <Filter>Event</Filter>
    </ClInclude>
    <ClInclude Include="DestroyFormation.h">
      <Filter>Event</Filter>
    </ClInclude>
    <ClInclude Include="HoldPosition.h">
      <Filter>Event</Filter>
    </ClInclude>
    <ClInclude Include="MovePosition.h">
      <Filter>Event</Filter>
    </ClInclude>
    <ClInclude Include="RushFormation.h">
      <Filter>Event</Filter>
    </ClInclude>
    <ClInclude Include="TakeArea.h">
      <Filter>Event</Filter>
    </ClInclude>
    <ClInclude Include="GameStartHandler.h">
      <Filter>temp</Filter>
    </ClInclude>
    <ClInclude Include="WorldMap.h">
      <Filter>헤더 파일</Filter>
    </ClInclude>
  </ItemGroup>
  <ItemGroup>
    <ClCompile Include="DatabaseJobContext.cpp">
      <Filter>DB</Filter>
    </ClCompile>
    <ClCompile Include="DatabaseJobManager.cpp">
      <Filter>DB</Filter>
    </ClCompile>
    <ClCompile Include="DbHelper.cpp">
      <Filter>DB</Filter>
    </ClCompile>
    <ClCompile Include="sqlite3.c">
      <Filter>DB</Filter>
    </ClCompile>
    <ClCompile Include="CircularBuffer.cpp">
      <Filter>MainArea</Filter>
    </ClCompile>
    <ClCompile Include="Exception.cpp">
      <Filter>MainArea</Filter>
    </ClCompile>
    <ClCompile Include="stdafx.cpp">
      <Filter>MainArea</Filter>
    </ClCompile>
    <ClCompile Include="ClientManager.cpp">
      <Filter>YaMang</Filter>
    </ClCompile>
    <ClCompile Include="ClientSession.cpp">
      <Filter>YaMang</Filter>
    </ClCompile>
    <ClCompile Include="YaMangServer.cpp">
      <Filter>YaMang</Filter>
    </ClCompile>
    <ClCompile Include="EventHandler.cpp">
      <Filter>YaMang</Filter>
    </ClCompile>
    <ClCompile Include="RoomManager.cpp">
      <Filter>YaMang</Filter>
    </ClCompile>
    <ClCompile Include="Corps.cpp">
      <Filter>Unit</Filter>
    </ClCompile>
    <ClCompile Include="Guard.cpp">
      <Filter>Unit</Filter>
    </ClCompile>
    <ClCompile Include="knight.cpp">
      <Filter>Unit</Filter>
    </ClCompile>
    <ClCompile Include="Pike.cpp">
      <Filter>Unit</Filter>
    </ClCompile>
    <ClCompile Include="Sword.cpp">
      <Filter>Unit</Filter>
    </ClCompile>
    <ClCompile Include="Unit.cpp">
      <Filter>Unit</Filter>
    </ClCompile>
    <ClCompile Include="Arrow.cpp">
      <Filter>Unit</Filter>
    </ClCompile>
    <ClCompile Include="Action.cpp">
      <Filter>Event</Filter>
    </ClCompile>
    <ClCompile Include="Attack.cpp">
      <Filter>Event</Filter>
    </ClCompile>
    <ClCompile Include="CorpsSpawn.cpp">
      <Filter>Event</Filter>
    </ClCompile>
    <ClCompile Include="DefenseFormation.cpp">
      <Filter>Event</Filter>
    </ClCompile>
    <ClCompile Include="DestroyFormation.cpp">
      <Filter>Event</Filter>
    </ClCompile>
    <ClCompile Include="HoldPosition.cpp">
      <Filter>Event</Filter>
    </ClCompile>
    <ClCompile Include="MovePosition.cpp">
      <Filter>Event</Filter>
    </ClCompile>
    <ClCompile Include="RushFormation.cpp">
      <Filter>Event</Filter>
    </ClCompile>
    <ClCompile Include="TakeArea.cpp">
      <Filter>Event</Filter>
    </ClCompile>
    <ClCompile Include="GameStartHandler.cpp">
      <Filter>temp</Filter>
    </ClCompile>
    <ClCompile Include="WorldMap.cpp">
      <Filter>소스 파일</Filter>
    </ClCompile>
  </ItemGroup>
</Project>