<?xml version="1.0" encoding="utf-8"?>
<Project ToolsVersion="4.0" xmlns="http://schemas.microsoft.com/developer/msbuild/2003">
  <ItemGroup>
    <Filter Include="리소스 파일">
      <UniqueIdentifier>{67DA6AB6-F800-4c08-8B7A-83BB121AAD01}</UniqueIdentifier>
      <Extensions>rc;ico;cur;bmp;dlg;rc2;rct;bin;rgs;gif;jpg;jpeg;jpe;resx;tiff;tif;png;wav;mfcribbon-ms</Extensions>
    </Filter>
    <Filter Include="YaMangDxDll">
      <UniqueIdentifier>{4FC737F1-C7A5-4376-A066-2A32D752A2FF}</UniqueIdentifier>
      <Extensions>cpp;c;cc;cxx;def;odl;idl;hpj;bat;asm;asmx</Extensions>
    </Filter>
    <Filter Include="DllDefault">
      <UniqueIdentifier>{2da69dfa-204b-41a5-b470-898e3cced746}</UniqueIdentifier>
    </Filter>
    <Filter Include="YaMangDxDll\Specific">
      <UniqueIdentifier>{336c5808-9be4-49eb-a857-a425f9d423e5}</UniqueIdentifier>
    </Filter>
    <Filter Include="YaMangDxDll\GlobalValue">
      <UniqueIdentifier>{fe0c0bc1-b8d7-4036-bf63-63518f5ef98c}</UniqueIdentifier>
    </Filter>
    <Filter Include="YaMangDxDll\MeshObject">
      <UniqueIdentifier>{e8c5d948-756e-4994-92c2-33c6f21486a5}</UniqueIdentifier>
    </Filter>
    <Filter Include="Console">
      <UniqueIdentifier>{017acf5d-cd08-4d84-89e6-accf5b81ddfa}</UniqueIdentifier>
    </Filter>
    <Filter Include="YaMangDxDll\Shader">
      <UniqueIdentifier>{975aa71b-72b2-4e49-93a5-8c8ecdeeb8be}</UniqueIdentifier>
    </Filter>
  </ItemGroup>
  <ItemGroup>
    <Text Include="ReadMe.txt" />
  </ItemGroup>
  <ItemGroup>
    <ClInclude Include="Logger.h">
      <Filter>Console</Filter>
    </ClInclude>
    <ClInclude Include="stdafx.h">
      <Filter>DllDefault</Filter>
    </ClInclude>
    <ClInclude Include="targetver.h">
      <Filter>DllDefault</Filter>
    </ClInclude>
    <ClInclude Include="GlobalVar.h">
      <Filter>YaMangDxDll\GlobalValue</Filter>
    </ClInclude>
    <ClInclude Include="MeshObject.h">
      <Filter>YaMangDxDll\MeshObject</Filter>
    </ClInclude>
    <ClInclude Include="YaMangDxDll.h">
      <Filter>YaMangDxDll</Filter>
    </ClInclude>
    <ClInclude Include="Dib.h">
      <Filter>YaMangDxDll\Specific</Filter>
    </ClInclude>
  </ItemGroup>
  <ItemGroup>
    <ClCompile Include="Logger.cpp">
      <Filter>Console</Filter>
    </ClCompile>
    <ClCompile Include="YaMangDxDll.cpp">
      <Filter>YaMangDxDll</Filter>
    </ClCompile>
    <ClCompile Include="dllmain.cpp">
      <Filter>DllDefault</Filter>
    </ClCompile>
    <ClCompile Include="stdafx.cpp">
      <Filter>DllDefault</Filter>
    </ClCompile>
    <ClCompile Include="YaMangDxRender.cpp">
      <Filter>YaMangDxDll</Filter>
    </ClCompile>
    <ClCompile Include="YaMangDxClear.cpp">
      <Filter>YaMangDxDll</Filter>
    </ClCompile>
    <ClCompile Include="GlobalVar.cpp">
      <Filter>YaMangDxDll\GlobalValue</Filter>
    </ClCompile>
    <ClCompile Include="YaMangHeightMap.cpp">
      <Filter>YaMangDxDll\Specific</Filter>
    </ClCompile>
    <ClCompile Include="YaMangPicking.cpp">
      <Filter>YaMangDxDll\Specific</Filter>
    </ClCompile>
    <ClCompile Include="YaMangScreenCapture.cpp">
      <Filter>YaMangDxDll\Specific</Filter>
    </ClCompile>
    <ClCompile Include="YaMangSkyBox.cpp">
      <Filter>YaMangDxDll\Specific</Filter>
    </ClCompile>
    <ClCompile Include="YaMangCharacter.cpp">
      <Filter>YaMangDxDll\Specific</Filter>
    </ClCompile>
    <ClCompile Include="YaMangCursor.cpp">
      <Filter>YaMangDxDll\Specific</Filter>
    </ClCompile>
    <ClCompile Include="YaMangSpriteUI.cpp">
      <Filter>YaMangDxDll\Specific</Filter>
    </ClCompile>
    <ClCompile Include="Dib.cpp">
      <Filter>YaMangDxDll\Specific</Filter>
    </ClCompile>
  </ItemGroup>
</Project>