
Microsoft Visual Studio Solution File, Format Version 12.00
# Visual Studio 2013
VisualStudioVersion = 12.0.30110.0
MinimumVisualStudioVersion = 10.0.40219.1
Project("{8BC9CEB8-8B4A-11D0-8D11-00A0C91BC942}") = "YaMangClient", "YaMangClient\YaMangClient.vcxproj", "{FE999F60-92D0-4F12-8904-7BB720E92ABC}"
	ProjectSection(ProjectDependencies) = postProject
		{E6D200DD-4FE0-48A2-921E-8807C91E08D6} = {E6D200DD-4FE0-48A2-921E-8807C91E08D6}
	EndProjectSection
EndProject
Project("{8BC9CEB8-8B4A-11D0-8D11-00A0C91BC942}") = "yaMangDxDll", "..\yaMangDxDll\yaMangDxDll\yaMangDxDll.vcxproj", "{E6D200DD-4FE0-48A2-921E-8807C91E08D6}"
EndProject
Global
	GlobalSection(SolutionConfigurationPlatforms) = preSolution
		Debug|Win32 = Debug|Win32
		Release|Win32 = Release|Win32
	EndGlobalSection
	GlobalSection(ProjectConfigurationPlatforms) = postSolution
		{FE999F60-92D0-4F12-8904-7BB720E92ABC}.Debug|Win32.ActiveCfg = Debug|Win32
		{FE999F60-92D0-4F12-8904-7BB720E92ABC}.Debug|Win32.Build.0 = Debug|Win32
		{FE999F60-92D0-4F12-8904-7BB720E92ABC}.Release|Win32.ActiveCfg = Release|Win32
		{FE999F60-92D0-4F12-8904-7BB720E92ABC}.Release|Win32.Build.0 = Release|Win32
		{E6D200DD-4FE0-48A2-921E-8807C91E08D6}.Debug|Win32.ActiveCfg = Debug|Win32
		{E6D200DD-4FE0-48A2-921E-8807C91E08D6}.Debug|Win32.Build.0 = Debug|Win32
		{E6D200DD-4FE0-48A2-921E-8807C91E08D6}.Release|Win32.ActiveCfg = Release|Win32
		{E6D200DD-4FE0-48A2-921E-8807C91E08D6}.Release|Win32.Build.0 = Release|Win32
	EndGlobalSection
	GlobalSection(SolutionProperties) = preSolution
		HideSolutionNode = FALSE
	EndGlobalSection
EndGlobal
